// !$*UTF8*$!
{
	archiveVersion = 1;
	classes = {
	};
	objectVersion = 55;
	objects = {

/* Begin PBXBuildFile section */
		8443D8E128CCD683005C1791 /* ModalScreen.swift in Sources */ = {isa = PBXBuildFile; fileRef = 8443D8E028CCD683005C1791 /* ModalScreen.swift */; };
		8460607D28C3437C00CC8C20 /* OtusHomeWorkApp.swift in Sources */ = {isa = PBXBuildFile; fileRef = 8460607C28C3437C00CC8C20 /* OtusHomeWorkApp.swift */; };
		8460607F28C3437C00CC8C20 /* ContentView.swift in Sources */ = {isa = PBXBuildFile; fileRef = 8460607E28C3437C00CC8C20 /* ContentView.swift */; };
		8460608128C3437E00CC8C20 /* Assets.xcassets in Resources */ = {isa = PBXBuildFile; fileRef = 8460608028C3437E00CC8C20 /* Assets.xcassets */; };
		8460608428C3437E00CC8C20 /* Preview Assets.xcassets in Resources */ = {isa = PBXBuildFile; fileRef = 8460608328C3437E00CC8C20 /* Preview Assets.xcassets */; };
		8460608B28C354BA00CC8C20 /* ProfileScreen.swift in Sources */ = {isa = PBXBuildFile; fileRef = 8460608A28C354BA00CC8C20 /* ProfileScreen.swift */; };
		8460608D28C3577A00CC8C20 /* DashboardScreen.swift in Sources */ = {isa = PBXBuildFile; fileRef = 8460608C28C3577A00CC8C20 /* DashboardScreen.swift */; };
		8460609028C35AC500CC8C20 /* FoodScreen.swift in Sources */ = {isa = PBXBuildFile; fileRef = 8460608F28C35AC500CC8C20 /* FoodScreen.swift */; };
/* End PBXBuildFile section */

/* Begin PBXFileReference section */
		8443D8E028CCD683005C1791 /* ModalScreen.swift */ = {isa = PBXFileReference; lastKnownFileType = sourcecode.swift; path = ModalScreen.swift; sourceTree = "<group>"; };
		8460607928C3437C00CC8C20 /* OtusHomeWork.app */ = {isa = PBXFileReference; explicitFileType = wrapper.application; includeInIndex = 0; path = OtusHomeWork.app; sourceTree = BUILT_PRODUCTS_DIR; };
		8460607C28C3437C00CC8C20 /* OtusHomeWorkApp.swift */ = {isa = PBXFileReference; lastKnownFileType = sourcecode.swift; path = OtusHomeWorkApp.swift; sourceTree = "<group>"; };
		8460607E28C3437C00CC8C20 /* ContentView.swift */ = {isa = PBXFileReference; lastKnownFileType = sourcecode.swift; path = ContentView.swift; sourceTree = "<group>"; };
		8460608028C3437E00CC8C20 /* Assets.xcassets */ = {isa = PBXFileReference; lastKnownFileType = folder.assetcatalog; path = Assets.xcassets; sourceTree = "<group>"; };
		8460608328C3437E00CC8C20 /* Preview Assets.xcassets */ = {isa = PBXFileReference; lastKnownFileType = folder.assetcatalog; path = "Preview Assets.xcassets"; sourceTree = "<group>"; };
		8460608A28C354BA00CC8C20 /* ProfileScreen.swift */ = {isa = PBXFileReference; lastKnownFileType = sourcecode.swift; path = ProfileScreen.swift; sourceTree = "<group>"; };
		8460608C28C3577A00CC8C20 /* DashboardScreen.swift */ = {isa = PBXFileReference; lastKnownFileType = sourcecode.swift; path = DashboardScreen.swift; sourceTree = "<group>"; };
		8460608F28C35AC500CC8C20 /* FoodScreen.swift */ = {isa = PBXFileReference; lastKnownFileType = sourcecode.swift; path = FoodScreen.swift; sourceTree = "<group>"; };
/* End PBXFileReference section */

/* Begin PBXFrameworksBuildPhase section */
		8460607628C3437C00CC8C20 /* Frameworks */ = {
			isa = PBXFrameworksBuildPhase;
			buildActionMask = 2147483647;
			files = (
			);
			runOnlyForDeploymentPostprocessing = 0;
		};
/* End PBXFrameworksBuildPhase section */

/* Begin PBXGroup section */
		8443D8DF28CCD663005C1791 /* ModalScreen */ = {
			isa = PBXGroup;
			children = (
				8443D8E028CCD683005C1791 /* ModalScreen.swift */,
			);
			path = ModalScreen;
			sourceTree = "<group>";
		};
		8443D8E228CCD6B3005C1791 /* ProfileScreen */ = {
			isa = PBXGroup;
			children = (
				8460608A28C354BA00CC8C20 /* ProfileScreen.swift */,
			);
			path = ProfileScreen;
			sourceTree = "<group>";
		};
		8443D8E328CCD6C0005C1791 /* Application */ = {
			isa = PBXGroup;
			children = (
				8460607C28C3437C00CC8C20 /* OtusHomeWorkApp.swift */,
				8460608028C3437E00CC8C20 /* Assets.xcassets */,
			);
			path = Application;
			sourceTree = "<group>";
		};
		8460607028C3437C00CC8C20 = {
			isa = PBXGroup;
			children = (
				8460607B28C3437C00CC8C20 /* OtusHomeWork */,
				8460607A28C3437C00CC8C20 /* Products */,
			);
			sourceTree = "<group>";
		};
		8460607A28C3437C00CC8C20 /* Products */ = {
			isa = PBXGroup;
			children = (
				8460607928C3437C00CC8C20 /* OtusHomeWork.app */,
			);
			name = Products;
			sourceTree = "<group>";
		};
		8460607B28C3437C00CC8C20 /* OtusHomeWork */ = {
			isa = PBXGroup;
			children = (
				8443D8E328CCD6C0005C1791 /* Application */,
				8460607E28C3437C00CC8C20 /* ContentView.swift */,
				8443D8E228CCD6B3005C1791 /* ProfileScreen */,
				8460608E28C35AA800CC8C20 /* Dashboard */,
				8443D8DF28CCD663005C1791 /* ModalScreen */,
				8460608228C3437E00CC8C20 /* Preview Content */,
			);
			path = OtusHomeWork;
			sourceTree = "<group>";
		};
		8460608228C3437E00CC8C20 /* Preview Content */ = {
			isa = PBXGroup;
			children = (
				8460608328C3437E00CC8C20 /* Preview Assets.xcassets */,
			);
			path = "Preview Content";
			sourceTree = "<group>";
		};
		8460608E28C35AA800CC8C20 /* Dashboard */ = {
			isa = PBXGroup;
			children = (
				8460608C28C3577A00CC8C20 /* DashboardScreen.swift */,
				8460608F28C35AC500CC8C20 /* FoodScreen.swift */,
			);
			path = Dashboard;
			sourceTree = "<group>";
		};
/* End PBXGroup section */

/* Begin PBXNativeTarget section */
		8460607828C3437C00CC8C20 /* OtusHomeWork */ = {
			isa = PBXNativeTarget;
			buildConfigurationList = 8460608728C3437E00CC8C20 /* Build configuration list for PBXNativeTarget "OtusHomeWork" */;
			buildPhases = (
				8460607528C3437C00CC8C20 /* Sources */,
				8460607628C3437C00CC8C20 /* Frameworks */,
				8460607728C3437C00CC8C20 /* Resources */,
			);
			buildRules = (
			);
			dependencies = (
			);
			name = OtusHomeWork;
			productName = OtusHomeWork;
			productReference = 8460607928C3437C00CC8C20 /* OtusHomeWork.app */;
			productType = "com.apple.product-type.application";
		};
/* End PBXNativeTarget section */

/* Begin PBXProject section */
		8460607128C3437C00CC8C20 /* Project object */ = {
			isa = PBXProject;
			attributes = {
				BuildIndependentTargetsInParallel = 1;
				LastSwiftUpdateCheck = 1340;
				LastUpgradeCheck = 1340;
				TargetAttributes = {
					8460607828C3437C00CC8C20 = {
						CreatedOnToolsVersion = 13.4.1;
					};
				};
			};
			buildConfigurationList = 8460607428C3437C00CC8C20 /* Build configuration list for PBXProject "OtusHomeWork" */;
			compatibilityVersion = "Xcode 13.0";
			developmentRegion = en;
			hasScannedForEncodings = 0;
			knownRegions = (
				en,
				Base,
			);
			mainGroup = 8460607028C3437C00CC8C20;
			productRefGroup = 8460607A28C3437C00CC8C20 /* Products */;
			projectDirPath = "";
			projectRoot = "";
			targets = (
				8460607828C3437C00CC8C20 /* OtusHomeWork */,
			);
		};
/* End PBXProject section */

/* Begin PBXResourcesBuildPhase section */
		8460607728C3437C00CC8C20 /* Resources */ = {
			isa = PBXResourcesBuildPhase;
			buildActionMask = 2147483647;
			files = (
				8460608428C3437E00CC8C20 /* Preview Assets.xcassets in Resources */,
				8460608128C3437E00CC8C20 /* Assets.xcassets in Resources */,
			);
			runOnlyForDeploymentPostprocessing = 0;
		};
/* End PBXResourcesBuildPhase section */

/* Begin PBXSourcesBuildPhase section */
		8460607528C3437C00CC8C20 /* Sources */ = {
			isa = PBXSourcesBuildPhase;
			buildActionMask = 2147483647;
			files = (
				8460609028C35AC500CC8C20 /* FoodScreen.swift in Sources */,
				8460608D28C3577A00CC8C20 /* DashboardScreen.swift in Sources */,
				8460607F28C3437C00CC8C20 /* ContentView.swift in Sources */,
				8443D8E128CCD683005C1791 /* ModalScreen.swift in Sources */,
				8460608B28C354BA00CC8C20 /* ProfileScreen.swift in Sources */,
				8460607D28C3437C00CC8C20 /* OtusHomeWorkApp.swift in Sources */,
			);
			runOnlyForDeploymentPostprocessing = 0;
		};
/* End PBXSourcesBuildPhase section */

/* Begin XCBuildConfiguration section */
		8460608528C3437E00CC8C20 /* Debug */ = {
			isa = XCBuildConfiguration;
			buildSettings = {
				ALWAYS_SEARCH_USER_PATHS = NO;
				CLANG_ANALYZER_NONNULL = YES;
				CLANG_ANALYZER_NUMBER_OBJECT_CONVERSION = YES_AGGRESSIVE;
				CLANG_CXX_LANGUAGE_STANDARD = "gnu++17";
				CLANG_ENABLE_MODULES = YES;
				CLANG_ENABLE_OBJC_ARC = YES;
				CLANG_ENABLE_OBJC_WEAK = YES;
				CLANG_WARN_BLOCK_CAPTURE_AUTORELEASING = YES;
				CLANG_WARN_BOOL_CONVERSION = YES;
				CLANG_WARN_COMMA = YES;
				CLANG_WARN_CONSTANT_CONVERSION = YES;
				CLANG_WARN_DEPRECATED_OBJC_IMPLEMENTATIONS = YES;
				CLANG_WARN_DIRECT_OBJC_ISA_USAGE = YES_ERROR;
				CLANG_WARN_DOCUMENTATION_COMMENTS = YES;
				CLANG_WARN_EMPTY_BODY = YES;
				CLANG_WARN_ENUM_CONVERSION = YES;
				CLANG_WARN_INFINITE_RECURSION = YES;
				CLANG_WARN_INT_CONVERSION = YES;
				CLANG_WARN_NON_LITERAL_NULL_CONVERSION = YES;
				CLANG_WARN_OBJC_IMPLICIT_RETAIN_SELF = YES;
				CLANG_WARN_OBJC_LITERAL_CONVERSION = YES;
				CLANG_WARN_OBJC_ROOT_CLASS = YES_ERROR;
				CLANG_WARN_QUOTED_INCLUDE_IN_FRAMEWORK_HEADER = YES;
				CLANG_WARN_RANGE_LOOP_ANALYSIS = YES;
				CLANG_WARN_STRICT_PROTOTYPES = YES;
				CLANG_WARN_SUSPICIOUS_MOVE = YES;
				CLANG_WARN_UNGUARDED_AVAILABILITY = YES_AGGRESSIVE;
				CLANG_WARN_UNREACHABLE_CODE = YES;
				CLANG_WARN__DUPLICATE_METHOD_MATCH = YES;
				COPY_PHASE_STRIP = NO;
				DEBUG_INFORMATION_FORMAT = dwarf;
				ENABLE_STRICT_OBJC_MSGSEND = YES;
				ENABLE_TESTABILITY = YES;
				GCC_C_LANGUAGE_STANDARD = gnu11;
				GCC_DYNAMIC_NO_PIC = NO;
				GCC_NO_COMMON_BLOCKS = YES;
				GCC_OPTIMIZATION_LEVEL = 0;
				GCC_PREPROCESSOR_DEFINITIONS = (
					"DEBUG=1",
					"$(inherited)",
				);
				GCC_WARN_64_TO_32_BIT_CONVERSION = YES;
				GCC_WARN_ABOUT_RETURN_TYPE = YES_ERROR;
				GCC_WARN_UNDECLARED_SELECTOR = YES;
				GCC_WARN_UNINITIALIZED_AUTOS = YES_AGGRESSIVE;
				GCC_WARN_UNUSED_FUNCTION = YES;
				GCC_WARN_UNUSED_VARIABLE = YES;
				IPHONEOS_DEPLOYMENT_TARGET = 15.5;
				MTL_ENABLE_DEBUG_INFO = INCLUDE_SOURCE;
				MTL_FAST_MATH = YES;
				ONLY_ACTIVE_ARCH = YES;
				SDKROOT = iphoneos;
				SWIFT_ACTIVE_COMPILATION_CONDITIONS = DEBUG;
				SWIFT_OPTIMIZATION_LEVEL = "-Onone";
			};
			name = Debug;
		};
		8460608628C3437E00CC8C20 /* Release */ = {
			isa = XCBuildConfiguration;
			buildSettings = {
				ALWAYS_SEARCH_USER_PATHS = NO;
				CLANG_ANALYZER_NONNULL = YES;
				CLANG_ANALYZER_NUMBER_OBJECT_CONVERSION = YES_AGGRESSIVE;
				CLANG_CXX_LANGUAGE_STANDARD = "gnu++17";
				CLANG_ENABLE_MODULES = YES;
				CLANG_ENABLE_OBJC_ARC = YES;
				CLANG_ENABLE_OBJC_WEAK = YES;
				CLANG_WARN_BLOCK_CAPTURE_AUTORELEASING = YES;
				CLANG_WARN_BOOL_CONVERSION = YES;
				CLANG_WARN_COMMA = YES;
				CLANG_WARN_CONSTANT_CONVERSION = YES;
				CLANG_WARN_DEPRECATED_OBJC_IMPLEMENTATIONS = YES;
				CLANG_WARN_DIRECT_OBJC_ISA_USAGE = YES_ERROR;
				CLANG_WARN_DOCUMENTATION_COMMENTS = YES;
				CLANG_WARN_EMPTY_BODY = YES;
				CLANG_WARN_ENUM_CONVERSION = YES;
				CLANG_WARN_INFINITE_RECURSION = YES;
				CLANG_WARN_INT_CONVERSION = YES;
				CLANG_WARN_NON_LITERAL_NULL_CONVERSION = YES;
				CLANG_WARN_OBJC_IMPLICIT_RETAIN_SELF = YES;
				CLANG_WARN_OBJC_LITERAL_CONVERSION = YES;
				CLANG_WARN_OBJC_ROOT_CLASS = YES_ERROR;
				CLANG_WARN_QUOTED_INCLUDE_IN_FRAMEWORK_HEADER = YES;
				CLANG_WARN_RANGE_LOOP_ANALYSIS = YES;
				CLANG_WARN_STRICT_PROTOTYPES = YES;
				CLANG_WARN_SUSPICIOUS_MOVE = YES;
				CLANG_WARN_UNGUARDED_AVAILABILITY = YES_AGGRESSIVE;
				CLANG_WARN_UNREACHABLE_CODE = YES;
				CLANG_WARN__DUPLICATE_METHOD_MATCH = YES;
				COPY_PHASE_STRIP = NO;
				DEBUG_INFORMATION_FORMAT = "dwarf-with-dsym";
				ENABLE_NS_ASSERTIONS = NO;
				ENABLE_STRICT_OBJC_MSGSEND = YES;
				GCC_C_LANGUAGE_STANDARD = gnu11;
				GCC_NO_COMMON_BLOCKS = YES;
				GCC_WARN_64_TO_32_BIT_CONVERSION = YES;
				GCC_WARN_ABOUT_RETURN_TYPE = YES_ERROR;
				GCC_WARN_UNDECLARED_SELECTOR = YES;
				GCC_WARN_UNINITIALIZED_AUTOS = YES_AGGRESSIVE;
				GCC_WARN_UNUSED_FUNCTION = YES;
				GCC_WARN_UNUSED_VARIABLE = YES;
				IPHONEOS_DEPLOYMENT_TARGET = 15.5;
				MTL_ENABLE_DEBUG_INFO = NO;
				MTL_FAST_MATH = YES;
				SDKROOT = iphoneos;
				SWIFT_COMPILATION_MODE = wholemodule;
				SWIFT_OPTIMIZATION_LEVEL = "-O";
				VALIDATE_PRODUCT = YES;
			};
			name = Release;
		};
		8460608828C3437E00CC8C20 /* Debug */ = {
			isa = XCBuildConfiguration;
			buildSettings = {
				ASSETCATALOG_COMPILER_APPICON_NAME = AppIcon;
				ASSETCATALOG_COMPILER_GLOBAL_ACCENT_COLOR_NAME = AccentColor;
				CODE_SIGN_STYLE = Automatic;
				CURRENT_PROJECT_VERSION = 1;
				DEVELOPMENT_ASSET_PATHS = "\"OtusHomeWork/Preview Content\"";
				ENABLE_PREVIEWS = YES;
				GENERATE_INFOPLIST_FILE = YES;
				INFOPLIST_KEY_UIApplicationSceneManifest_Generation = YES;
				INFOPLIST_KEY_UIApplicationSupportsIndirectInputEvents = YES;
				INFOPLIST_KEY_UILaunchScreen_Generation = YES;
				INFOPLIST_KEY_UISupportedInterfaceOrientations_iPad = "UIInterfaceOrientationPortrait UIInterfaceOrientationPortraitUpsideDown UIInterfaceOrientationLandscapeLeft UIInterfaceOrientationLandscapeRight";
				INFOPLIST_KEY_UISupportedInterfaceOrientations_iPhone = "UIInterfaceOrientationPortrait UIInterfaceOrientationLandscapeLeft UIInterfaceOrientationLandscapeRight";
				LD_RUNPATH_SEARCH_PATHS = (
					"$(inherited)",
					"@executable_path/Frameworks",
				);
				MARKETING_VERSION = 1.0;
				PRODUCT_BUNDLE_IDENTIFIER = AndreySamchenko.OtusHomeWork;
				PRODUCT_NAME = "$(TARGET_NAME)";
				SWIFT_EMIT_LOC_STRINGS = YES;
				SWIFT_VERSION = 5.0;
				TARGETED_DEVICE_FAMILY = "1,2";
			};
			name = Debug;
		};
		8460608928C3437E00CC8C20 /* Release */ = {
			isa = XCBuildConfiguration;
			buildSettings = {
				ASSETCATALOG_COMPILER_APPICON_NAME = AppIcon;
				ASSETCATALOG_COMPILER_GLOBAL_ACCENT_COLOR_NAME = AccentColor;
				CODE_SIGN_STYLE = Automatic;
				CURRENT_PROJECT_VERSION = 1;
				DEVELOPMENT_ASSET_PATHS = "\"OtusHomeWork/Preview Content\"";
				ENABLE_PREVIEWS = YES;
				GENERATE_INFOPLIST_FILE = YES;
				INFOPLIST_KEY_UIApplicationSceneManifest_Generation = YES;
				INFOPLIST_KEY_UIApplicationSupportsIndirectInputEvents = YES;
				INFOPLIST_KEY_UILaunchScreen_Generation = YES;
				INFOPLIST_KEY_UISupportedInterfaceOrientations_iPad = "UIInterfaceOrientationPortrait UIInterfaceOrientationPortraitUpsideDown UIInterfaceOrientationLandscapeLeft UIInterfaceOrientationLandscapeRight";
				INFOPLIST_KEY_UISupportedInterfaceOrientations_iPhone = "UIInterfaceOrientationPortrait UIInterfaceOrientationLandscapeLeft UIInterfaceOrientationLandscapeRight";
				LD_RUNPATH_SEARCH_PATHS = (
					"$(inherited)",
					"@executable_path/Frameworks",
				);
				MARKETING_VERSION = 1.0;
				PRODUCT_BUNDLE_IDENTIFIER = AndreySamchenko.OtusHomeWork;
				PRODUCT_NAME = "$(TARGET_NAME)";
				SWIFT_EMIT_LOC_STRINGS = YES;
				SWIFT_VERSION = 5.0;
				TARGETED_DEVICE_FAMILY = "1,2";
			};
			name = Release;
		};
/* End XCBuildConfiguration section */

/* Begin XCConfigurationList section */
		8460607428C3437C00CC8C20 /* Build configuration list for PBXProject "OtusHomeWork" */ = {
			isa = XCConfigurationList;
			buildConfigurations = (
				8460608528C3437E00CC8C20 /* Debug */,
				8460608628C3437E00CC8C20 /* Release */,
			);
			defaultConfigurationIsVisible = 0;
			defaultConfigurationName = Release;
		};
		8460608728C3437E00CC8C20 /* Build configuration list for PBXNativeTarget "OtusHomeWork" */ = {
			isa = XCConfigurationList;
			buildConfigurations = (
				8460608828C3437E00CC8C20 /* Debug */,
				8460608928C3437E00CC8C20 /* Release */,
			);
			defaultConfigurationIsVisible = 0;
			defaultConfigurationName = Release;
		};
/* End XCConfigurationList section */
	};
	rootObject = 8460607128C3437C00CC8C20 /* Project object */;
}
